
Microsoft Visual Studio Solution File, Format Version 12.00
# Visual Studio Version 16
VisualStudioVersion = 16.0.30011.22
MinimumVisualStudioVersion = 10.0.40219.1
Project("{FAE04EC0-301F-11D3-BF4B-00C04F79EFBC}") = "IfElse", "IfElse.csproj", "{9CB5343D-8A95-4952-8165-6018699B5093}"
EndProject
Global
	GlobalSection(SolutionConfigurationPlatforms) = preSolution
		Debug|Any CPU = Debug|Any CPU
		Release|Any CPU = Release|Any CPU
	EndGlobalSection
	GlobalSection(ProjectConfigurationPlatforms) = postSolution
		{9CB5343D-8A95-4952-8165-6018699B5093}.Debug|Any CPU.ActiveCfg = Debug|Any CPU
		{9CB5343D-8A95-4952-8165-6018699B5093}.Debug|Any CPU.Build.0 = Debug|Any CPU
		{9CB5343D-8A95-4952-8165-6018699B5093}.Release|Any CPU.ActiveCfg = Release|Any CPU
		{9CB5343D-8A95-4952-8165-6018699B5093}.Release|Any CPU.Build.0 = Release|Any CPU
	EndGlobalSection
	GlobalSection(SolutionProperties) = preSolution
		HideSolutionNode = FALSE
	EndGlobalSection
	GlobalSection(ExtensibilityGlobals) = postSolution
		SolutionGuid = {15B7378E-B87B-4CD9-9743-FB87E0AFD676}
	EndGlobalSection
EndGlobal
